<?xml version="1.0" encoding="UTF-8"?>
<Scheme
   LastUpgradeVersion = "0600"
   version = "1.7">
   <BuildAction
      parallelizeBuildables = "YES"
      buildImplicitDependencies = "YES">
      <BuildActionEntries>
         <BuildActionEntry
            buildForTesting = "YES"
            buildForRunning = "YES"
            buildForProfiling = "YES"
            buildForArchiving = "YES"
            buildForAnalyzing = "YES">
            <BuildableReference
               BuildableIdentifier = "primary"
               BlueprintIdentifier = "E79AFAE21953FBB2003E32C6"
               BuildableName = "Sup.app"
               BlueprintName = "Sup"
               ReferencedContainer = "container:Sup.xcodeproj">
            </BuildableReference>
         </BuildActionEntry>
      </BuildActionEntries>
   </BuildAction>
   <TestAction
      selectedDebuggerIdentifier = "Xcode.DebuggerFoundation.Debugger.LLDB"
      selectedLauncherIdentifier = "Xcode.DebuggerFoundation.Launcher.LLDB"
      shouldUseLaunchSchemeArgsEnv = "YES"
      buildConfiguration = "Debug">
      <Testables>
         <TestableReference
            skipped = "NO">
            <BuildableReference
               BuildableIdentifier = "primary"
               BlueprintIdentifier = "E79AFAFB1953FBB3003E32C6"
               BuildableName = "SupTests.xctest"
               BlueprintName = "SupTests"
               ReferencedContainer = "container:Sup.xcodeproj">
            </BuildableReference>
         </TestableReference>
      </Testables>
      <MacroExpansion>
         <BuildableReference
            BuildableIdentifier = "primary"
            BlueprintIdentifier = "E79AFAE21953FBB2003E32C6"
            BuildableName = "Sup.app"
            BlueprintName = "Sup"
            ReferencedContainer = "container:Sup.xcodeproj">
         </BuildableReference>
      </MacroExpansion>
   </TestAction>
   <LaunchAction
      selectedDebuggerIdentifier = "Xcode.DebuggerFoundation.Debugger.LLDB"
      selectedLauncherIdentifier = "Xcode.DebuggerFoundation.Launcher.LLDB"
      launchStyle = "0"
      useCustomWorkingDirectory = "NO"
      buildConfiguration = "Debug"
      ignoresPersistentStateOnLaunch = "NO"
      debugDocumentVersioning = "YES"
      allowLocationSimulation = "YES">
      <BuildableProductRunnable>
         <BuildableReference
            BuildableIdentifier = "primary"
            BlueprintIdentifier = "E79AFAE21953FBB2003E32C6"
            BuildableName = "Sup.app"
            BlueprintName = "Sup"
            ReferencedContainer = "container:Sup.xcodeproj">
         </BuildableReference>
      </BuildableProductRunnable>
      <AdditionalOptions>
      </AdditionalOptions>
   </LaunchAction>
   <ProfileAction
      shouldUseLaunchSchemeArgsEnv = "YES"
      savedToolIdentifier = ""
      useCustomWorkingDirectory = "NO"
      buildConfiguration = "Release"
      debugDocumentVersioning = "YES">
      <BuildableProductRunnable>
         <BuildableReference
            BuildableIdentifier = "primary"
            BlueprintIdentifier = "E79AFAE21953FBB2003E32C6"
            BuildableName = "Sup.app"
            BlueprintName = "Sup"
            ReferencedContainer = "container:Sup.xcodeproj">
         </BuildableReference>
      </BuildableProductRunnable>
   </ProfileAction>
   <AnalyzeAction
      buildConfiguration = "Debug">
   </AnalyzeAction>
   <ArchiveAction
      buildConfiguration = "Release"
      revealArchiveInOrganizer = "NO">
      <PostActions>
         <ExecutionAction
            ActionType = "Xcode.IDEStandardExecutionActionsCore.ExecutionActionType.ShellScriptAction">
            <ActionContent
               title = "Run Script"
               scriptText = "AdHoc_TITLE=&quot;Sup&quot;&#10;AdHoc_IDENTITY=&quot;iPhone Distribution: Parse Inc.&quot;&#10;AdHoc_PROVISONING_PROFILE=&quot;/Users/hramos/Library/MobileDevice/Provisioning Profiles/89A47CA8-FB47-464D-B67A-62E62ECDBEC2.mobileprovision&quot;&#10;AdHoc_DESTDIR=&quot;/Users/hramos/git/SupApp/parse/public/&quot;&#10;AdHoc_IPA_URL=&quot;https://sup.parseapp.com/Sup.ipa&quot;&#10;&#10;mkdir -p $AdHoc_DESTDIR&#10;&#10;export AdHoc_TITLE AdHoc_IDENTITY AdHoc_PROVISONING_PROFILE AdHoc_DESTDIR AdHoc_IPA_URL&#10;&#10;# May need to include the path&#10;/Users/hramos/git/SupApp/parse/adHocGenerate/adHocGenerate&#10;cd /Users/hramos/git/SupApp/parse/ &amp;&amp; parse deploy">
               <EnvironmentBuildable>
                  <BuildableReference
                     BuildableIdentifier = "primary"
                     BlueprintIdentifier = "E79AFAE21953FBB2003E32C6"
                     BuildableName = "Sup.app"
                     BlueprintName = "Sup"
                     ReferencedContainer = "container:Sup.xcodeproj">
                  </BuildableReference>
               </EnvironmentBuildable>
            </ActionContent>
         </ExecutionAction>
         <ExecutionAction
            ActionType = "Xcode.IDEStandardExecutionActionsCore.ExecutionActionType.SendEmailAction">
            <ActionContent
               title = "Send Email"
               emailRecipient = "hramos@fb.com"
               emailSubject = "New Build Available"
               attachLogToEmail = "NO">
            </ActionContent>
         </ExecutionAction>
      </PostActions>
   </ArchiveAction>
</Scheme>
